
Microsoft Visual Studio Solution File, Format Version 12.00
# Visual Studio Version 17
VisualStudioVersion = 17.9.34616.47
MinimumVisualStudioVersion = 10.0.40219.1
Project("{8BC9CEB8-8B4A-11D0-8D11-00A0C91BC942}") = "lickey", "lickey\lickey.vcxproj", "{8ECB802D-A411-41C6-BDB9-C74B06DECDEE}"
EndProject
Project("{8BC9CEB8-8B4A-11D0-8D11-00A0C91BC942}") = "lickey_gen", "lickey_gen\lickey_gen.vcxproj", "{73E83FF9-5672-4254-ABE8-BBAB758B3FA2}"
	ProjectSection(ProjectDependencies) = postProject
		{8ECB802D-A411-41C6-BDB9-C74B06DECDEE} = {8ECB802D-A411-41C6-BDB9-C74B06DECDEE}
	EndProjectSection
EndProject
Project("{8BC9CEB8-8B4A-11D0-8D11-00A0C91BC942}") = "lickey_test", "lickey_test\lickey_test.vcxproj", "{EB330CB8-6CC8-4E6A-828C-CC99EE34DBE5}"
	ProjectSection(ProjectDependencies) = postProject
		{8ECB802D-A411-41C6-BDB9-C74B06DECDEE} = {8ECB802D-A411-41C6-BDB9-C74B06DECDEE}
	EndProjectSection
EndProject
Project("{8BC9CEB8-8B4A-11D0-8D11-00A0C91BC942}") = "licsvr", "licsvr\licsrv.vcxproj", "{ABF225FE-236D-4461-B40D-F7741087056C}"
EndProject
Global
	GlobalSection(SolutionConfigurationPlatforms) = preSolution
		Debug|Win32 = Debug|Win32
		Debug|x64 = Debug|x64
		Debug|x86 = Debug|x86
		Release|Win32 = Release|Win32
		Release|x64 = Release|x64
		Release|x86 = Release|x86
	EndGlobalSection
	GlobalSection(ProjectConfigurationPlatforms) = postSolution
		{8ECB802D-A411-41C6-BDB9-C74B06DECDEE}.Debug|Win32.ActiveCfg = Debug|Win32
		{8ECB802D-A411-41C6-BDB9-C74B06DECDEE}.Debug|Win32.Build.0 = Debug|Win32
		{8ECB802D-A411-41C6-BDB9-C74B06DECDEE}.Debug|x64.ActiveCfg = Debug|x64
		{8ECB802D-A411-41C6-BDB9-C74B06DECDEE}.Debug|x64.Build.0 = Debug|x64
		{8ECB802D-A411-41C6-BDB9-C74B06DECDEE}.Debug|x86.ActiveCfg = Debug|Win32
		{8ECB802D-A411-41C6-BDB9-C74B06DECDEE}.Debug|x86.Build.0 = Debug|Win32
		{8ECB802D-A411-41C6-BDB9-C74B06DECDEE}.Release|Win32.ActiveCfg = Release|Win32
		{8ECB802D-A411-41C6-BDB9-C74B06DECDEE}.Release|Win32.Build.0 = Release|Win32
		{8ECB802D-A411-41C6-BDB9-C74B06DECDEE}.Release|x64.ActiveCfg = Release|x64
		{8ECB802D-A411-41C6-BDB9-C74B06DECDEE}.Release|x64.Build.0 = Release|x64
		{8ECB802D-A411-41C6-BDB9-C74B06DECDEE}.Release|x86.ActiveCfg = Release|Win32
		{8ECB802D-A411-41C6-BDB9-C74B06DECDEE}.Release|x86.Build.0 = Release|Win32
		{73E83FF9-5672-4254-ABE8-BBAB758B3FA2}.Debug|Win32.ActiveCfg = Debug|Win32
		{73E83FF9-5672-4254-ABE8-BBAB758B3FA2}.Debug|Win32.Build.0 = Debug|Win32
		{73E83FF9-5672-4254-ABE8-BBAB758B3FA2}.Debug|x64.ActiveCfg = Debug|x64
		{73E83FF9-5672-4254-ABE8-BBAB758B3FA2}.Debug|x64.Build.0 = Debug|x64
		{73E83FF9-5672-4254-ABE8-BBAB758B3FA2}.Debug|x86.ActiveCfg = Debug|Win32
		{73E83FF9-5672-4254-ABE8-BBAB758B3FA2}.Debug|x86.Build.0 = Debug|Win32
		{73E83FF9-5672-4254-ABE8-BBAB758B3FA2}.Release|Win32.ActiveCfg = Release|Win32
		{73E83FF9-5672-4254-ABE8-BBAB758B3FA2}.Release|Win32.Build.0 = Release|Win32
		{73E83FF9-5672-4254-ABE8-BBAB758B3FA2}.Release|x64.ActiveCfg = Release|x64
		{73E83FF9-5672-4254-ABE8-BBAB758B3FA2}.Release|x64.Build.0 = Release|x64
		{73E83FF9-5672-4254-ABE8-BBAB758B3FA2}.Release|x86.ActiveCfg = Release|Win32
		{73E83FF9-5672-4254-ABE8-BBAB758B3FA2}.Release|x86.Build.0 = Release|Win32
		{EB330CB8-6CC8-4E6A-828C-CC99EE34DBE5}.Debug|Win32.ActiveCfg = Debug|Win32
		{EB330CB8-6CC8-4E6A-828C-CC99EE34DBE5}.Debug|Win32.Build.0 = Debug|Win32
		{EB330CB8-6CC8-4E6A-828C-CC99EE34DBE5}.Debug|x64.ActiveCfg = Debug|x64
		{EB330CB8-6CC8-4E6A-828C-CC99EE34DBE5}.Debug|x64.Build.0 = Debug|x64
		{EB330CB8-6CC8-4E6A-828C-CC99EE34DBE5}.Debug|x86.ActiveCfg = Debug|Win32
		{EB330CB8-6CC8-4E6A-828C-CC99EE34DBE5}.Debug|x86.Build.0 = Debug|Win32
		{EB330CB8-6CC8-4E6A-828C-CC99EE34DBE5}.Release|Win32.ActiveCfg = Release|Win32
		{EB330CB8-6CC8-4E6A-828C-CC99EE34DBE5}.Release|Win32.Build.0 = Release|Win32
		{EB330CB8-6CC8-4E6A-828C-CC99EE34DBE5}.Release|x64.ActiveCfg = Release|x64
		{EB330CB8-6CC8-4E6A-828C-CC99EE34DBE5}.Release|x64.Build.0 = Release|x64
		{EB330CB8-6CC8-4E6A-828C-CC99EE34DBE5}.Release|x86.ActiveCfg = Release|Win32
		{EB330CB8-6CC8-4E6A-828C-CC99EE34DBE5}.Release|x86.Build.0 = Release|Win32
		{ABF225FE-236D-4461-B40D-F7741087056C}.Debug|Win32.ActiveCfg = Debug|Win32
		{ABF225FE-236D-4461-B40D-F7741087056C}.Debug|Win32.Build.0 = Debug|Win32
		{ABF225FE-236D-4461-B40D-F7741087056C}.Debug|x64.ActiveCfg = Debug|x64
		{ABF225FE-236D-4461-B40D-F7741087056C}.Debug|x64.Build.0 = Debug|x64
		{ABF225FE-236D-4461-B40D-F7741087056C}.Debug|x86.ActiveCfg = Debug|Win32
		{ABF225FE-236D-4461-B40D-F7741087056C}.Debug|x86.Build.0 = Debug|Win32
		{ABF225FE-236D-4461-B40D-F7741087056C}.Release|Win32.ActiveCfg = Release|Win32
		{ABF225FE-236D-4461-B40D-F7741087056C}.Release|Win32.Build.0 = Release|Win32
		{ABF225FE-236D-4461-B40D-F7741087056C}.Release|x64.ActiveCfg = Release|x64
		{ABF225FE-236D-4461-B40D-F7741087056C}.Release|x64.Build.0 = Release|x64
		{ABF225FE-236D-4461-B40D-F7741087056C}.Release|x86.ActiveCfg = Release|Win32
		{ABF225FE-236D-4461-B40D-F7741087056C}.Release|x86.Build.0 = Release|Win32
	EndGlobalSection
	GlobalSection(SolutionProperties) = preSolution
		HideSolutionNode = FALSE
	EndGlobalSection
	GlobalSection(ExtensibilityGlobals) = postSolution
		SolutionGuid = {E6E06441-BF33-4C3E-8DDD-5033DA18D8A6}
	EndGlobalSection
EndGlobal
